
Microsoft Visual Studio Solution File, Format Version 12.00
# Visual Studio 15
VisualStudioVersion = 15.0.26730.12
MinimumVisualStudioVersion = 10.0.40219.1
Project("{FAE04EC0-301F-11D3-BF4B-00C04F79EFBC}") = "DCaPS", "DCaPS.csproj", "{5280E6C3-6D61-4322-B324-405EEDCCE608}"
EndProject
Global
	GlobalSection(SolutionConfigurationPlatforms) = preSolution
		Debug|Any CPU = Debug|Any CPU
		Release|Any CPU = Release|Any CPU
	EndGlobalSection
	GlobalSection(ProjectConfigurationPlatforms) = postSolution
		{5280E6C3-6D61-4322-B324-405EEDCCE608}.Debug|Any CPU.ActiveCfg = Debug|Any CPU
		{5280E6C3-6D61-4322-B324-405EEDCCE608}.Debug|Any CPU.Build.0 = Debug|Any CPU
		{5280E6C3-6D61-4322-B324-405EEDCCE608}.Release|Any CPU.ActiveCfg = Release|Any CPU
		{5280E6C3-6D61-4322-B324-405EEDCCE608}.Release|Any CPU.Build.0 = Release|Any CPU
	EndGlobalSection
	GlobalSection(SolutionProperties) = preSolution
		HideSolutionNode = FALSE
	EndGlobalSection
	GlobalSection(ExtensibilityGlobals) = postSolution
		SolutionGuid = {84806970-990A-4337-8FEC-87D1AAABBA9D}
	EndGlobalSection
EndGlobal
